
Microsoft Visual Studio Solution File, Format Version 12.00
# Visual Studio 14
VisualStudioVersion = 14.0.24720.0
MinimumVisualStudioVersion = 10.0.40219.1
Project("{FAE04EC0-301F-11D3-BF4B-00C04F79EFBC}") = "DataIntegrationTool", "DataIntegrationTool\DataIntegrationTool.csproj", "{DDD659AF-C8F8-47B0-9160-AA7A8BC384AB}"
EndProject
Project("{FAE04EC0-301F-11D3-BF4B-00C04F79EFBC}") = "DataIntegrationToolTests", "DataIntegrationToolTests\DataIntegrationToolTests.csproj", "{B7F812B3-366D-4BCF-8356-D50CCA6588EE}"
EndProject
Global
	GlobalSection(SolutionConfigurationPlatforms) = preSolution
		Debug|Any CPU = Debug|Any CPU
		DEV|Any CPU = DEV|Any CPU
		LOCAL|Any CPU = LOCAL|Any CPU
		PROD|Any CPU = PROD|Any CPU
		QUAT|Any CPU = QUAT|Any CPU
		Release|Any CPU = Release|Any CPU
		Stage|Any CPU = Stage|Any CPU
		TEST|Any CPU = TEST|Any CPU
		TEST01|Any CPU = TEST01|Any CPU
		TEST02|Any CPU = TEST02|Any CPU
	EndGlobalSection
	GlobalSection(ProjectConfigurationPlatforms) = postSolution
		{DDD659AF-C8F8-47B0-9160-AA7A8BC384AB}.Debug|Any CPU.ActiveCfg = Debug|Any CPU
		{DDD659AF-C8F8-47B0-9160-AA7A8BC384AB}.Debug|Any CPU.Build.0 = Debug|Any CPU
		{DDD659AF-C8F8-47B0-9160-AA7A8BC384AB}.DEV|Any CPU.ActiveCfg = DEV|Any CPU
		{DDD659AF-C8F8-47B0-9160-AA7A8BC384AB}.DEV|Any CPU.Build.0 = DEV|Any CPU
		{DDD659AF-C8F8-47B0-9160-AA7A8BC384AB}.LOCAL|Any CPU.ActiveCfg = LOCAL|Any CPU
		{DDD659AF-C8F8-47B0-9160-AA7A8BC384AB}.LOCAL|Any CPU.Build.0 = LOCAL|Any CPU
		{DDD659AF-C8F8-47B0-9160-AA7A8BC384AB}.PROD|Any CPU.ActiveCfg = PROD|Any CPU
		{DDD659AF-C8F8-47B0-9160-AA7A8BC384AB}.PROD|Any CPU.Build.0 = PROD|Any CPU
		{DDD659AF-C8F8-47B0-9160-AA7A8BC384AB}.QUAT|Any CPU.ActiveCfg = QUAT|Any CPU
		{DDD659AF-C8F8-47B0-9160-AA7A8BC384AB}.QUAT|Any CPU.Build.0 = QUAT|Any CPU
		{DDD659AF-C8F8-47B0-9160-AA7A8BC384AB}.Release|Any CPU.ActiveCfg = Release|Any CPU
		{DDD659AF-C8F8-47B0-9160-AA7A8BC384AB}.Release|Any CPU.Build.0 = Release|Any CPU
		{DDD659AF-C8F8-47B0-9160-AA7A8BC384AB}.Stage|Any CPU.ActiveCfg = Stage|Any CPU
		{DDD659AF-C8F8-47B0-9160-AA7A8BC384AB}.Stage|Any CPU.Build.0 = Stage|Any CPU
		{DDD659AF-C8F8-47B0-9160-AA7A8BC384AB}.TEST|Any CPU.ActiveCfg = TEST|Any CPU
		{DDD659AF-C8F8-47B0-9160-AA7A8BC384AB}.TEST|Any CPU.Build.0 = TEST|Any CPU
		{DDD659AF-C8F8-47B0-9160-AA7A8BC384AB}.TEST01|Any CPU.ActiveCfg = TEST01|Any CPU
		{DDD659AF-C8F8-47B0-9160-AA7A8BC384AB}.TEST01|Any CPU.Build.0 = TEST01|Any CPU
		{DDD659AF-C8F8-47B0-9160-AA7A8BC384AB}.TEST02|Any CPU.ActiveCfg = TEST02|Any CPU
		{DDD659AF-C8F8-47B0-9160-AA7A8BC384AB}.TEST02|Any CPU.Build.0 = TEST02|Any CPU
		{B7F812B3-366D-4BCF-8356-D50CCA6588EE}.Debug|Any CPU.ActiveCfg = Debug|Any CPU
		{B7F812B3-366D-4BCF-8356-D50CCA6588EE}.Debug|Any CPU.Build.0 = Debug|Any CPU
		{B7F812B3-366D-4BCF-8356-D50CCA6588EE}.DEV|Any CPU.ActiveCfg = Debug|Any CPU
		{B7F812B3-366D-4BCF-8356-D50CCA6588EE}.DEV|Any CPU.Build.0 = Debug|Any CPU
		{B7F812B3-366D-4BCF-8356-D50CCA6588EE}.LOCAL|Any CPU.ActiveCfg = LOCAL|Any CPU
		{B7F812B3-366D-4BCF-8356-D50CCA6588EE}.LOCAL|Any CPU.Build.0 = LOCAL|Any CPU
		{B7F812B3-366D-4BCF-8356-D50CCA6588EE}.PROD|Any CPU.ActiveCfg = PROD|Any CPU
		{B7F812B3-366D-4BCF-8356-D50CCA6588EE}.PROD|Any CPU.Build.0 = PROD|Any CPU
		{B7F812B3-366D-4BCF-8356-D50CCA6588EE}.QUAT|Any CPU.ActiveCfg = QUAT|Any CPU
		{B7F812B3-366D-4BCF-8356-D50CCA6588EE}.QUAT|Any CPU.Build.0 = QUAT|Any CPU
		{B7F812B3-366D-4BCF-8356-D50CCA6588EE}.Release|Any CPU.ActiveCfg = Release|Any CPU
		{B7F812B3-366D-4BCF-8356-D50CCA6588EE}.Release|Any CPU.Build.0 = Release|Any CPU
		{B7F812B3-366D-4BCF-8356-D50CCA6588EE}.Stage|Any CPU.ActiveCfg = Stage|Any CPU
		{B7F812B3-366D-4BCF-8356-D50CCA6588EE}.Stage|Any CPU.Build.0 = Stage|Any CPU
		{B7F812B3-366D-4BCF-8356-D50CCA6588EE}.TEST|Any CPU.ActiveCfg = TEST|Any CPU
		{B7F812B3-366D-4BCF-8356-D50CCA6588EE}.TEST|Any CPU.Build.0 = TEST|Any CPU
		{B7F812B3-366D-4BCF-8356-D50CCA6588EE}.TEST01|Any CPU.ActiveCfg = TEST01|Any CPU
		{B7F812B3-366D-4BCF-8356-D50CCA6588EE}.TEST01|Any CPU.Build.0 = TEST01|Any CPU
		{B7F812B3-366D-4BCF-8356-D50CCA6588EE}.TEST02|Any CPU.ActiveCfg = TEST02|Any CPU
		{B7F812B3-366D-4BCF-8356-D50CCA6588EE}.TEST02|Any CPU.Build.0 = TEST02|Any CPU
	EndGlobalSection
	GlobalSection(SolutionProperties) = preSolution
		HideSolutionNode = FALSE
	EndGlobalSection
EndGlobal
